
Microsoft Visual Studio Solution File, Format Version 12.00
# Visual Studio Version 17
VisualStudioVersion = 17.2.32526.322
MinimumVisualStudioVersion = 10.0.40219.1
Project("{9A19103F-16F7-4668-BE54-9A1E7A4F7556}") = "10_degiskenler", "ders1\10_degiskenler.csproj", "{D84E3361-AB1F-4FF6-BD9B-38B6991A4BB6}"
EndProject
Project("{9A19103F-16F7-4668-BE54-9A1E7A4F7556}") = "20_degiskenler", "20_degiskenler\20_degiskenler.csproj", "{9058A447-3220-46E4-AF13-131B4A007AE2}"
EndProject
Project("{9A19103F-16F7-4668-BE54-9A1E7A4F7556}") = "30_degiskenler", "30_degiskenler\30_degiskenler.csproj", "{5B45EE35-8036-4693-A4CC-0CC3E7FE3D76}"
EndProject
Project("{9A19103F-16F7-4668-BE54-9A1E7A4F7556}") = "40_operatorler", "40_operatorler\40_operatorler.csproj", "{4AA6B0A9-AF3F-4809-8F2A-7A596DF0EF03}"
EndProject
Project("{9A19103F-16F7-4668-BE54-9A1E7A4F7556}") = "50_donguler", "50_donguler\50_donguler.csproj", "{3B871647-4A08-41DF-AF42-BCE934D05942}"
EndProject
Project("{9A19103F-16F7-4668-BE54-9A1E7A4F7556}") = "60_donguler", "60_donguler\60_donguler.csproj", "{15411991-EFD6-43FC-A3F6-24796129DF56}"
EndProject
Project("{9A19103F-16F7-4668-BE54-9A1E7A4F7556}") = "70_donguler", "70_donguler\70_donguler.csproj", "{77B44610-6CCA-429C-AA33-184CE8826F07}"
EndProject
Project("{9A19103F-16F7-4668-BE54-9A1E7A4F7556}") = "80_donguler", "80_donguler\80_donguler.csproj", "{09ED84EE-A861-455A-B161-E495B54521DD}"
EndProject
Project("{9A19103F-16F7-4668-BE54-9A1E7A4F7556}") = "90_if", "90_if\90_if.csproj", "{9E15D319-40F1-4E4D-8C0B-6F35A40A1E85}"
EndProject
Project("{9A19103F-16F7-4668-BE54-9A1E7A4F7556}") = "100_if", "100_if\100_if.csproj", "{C19E7D92-11F3-49A6-842B-1C25315050E7}"
EndProject
Project("{9A19103F-16F7-4668-BE54-9A1E7A4F7556}") = "Mini ATM", "Mini ATM\Mini ATM.csproj", "{3ECD6AD8-E112-4F0A-89A8-BD7378A65EC5}"
EndProject
Project("{9A19103F-16F7-4668-BE54-9A1E7A4F7556}") = "TEST", "TEST\TEST.csproj", "{77972E1D-6EA6-43AE-8F1C-E2E1E92FF78A}"
EndProject
Project("{2150E333-8FDC-42A3-9474-1A3956D46DE8}") = "010_Degiskenler", "010_Degiskenler", "{BE75F150-0413-4DCF-877C-5629AA35A87C}"
EndProject
Project("{9A19103F-16F7-4668-BE54-9A1E7A4F7556}") = "40_KararYapilari", "40_KararYapilari\40_KararYapilari.csproj", "{9DE774EE-AEEF-494E-8520-8A7F8E28B578}"
EndProject
Project("{2150E333-8FDC-42A3-9474-1A3956D46DE8}") = "020_KararYapilari", "020_KararYapilari", "{90E31106-C4FE-4C68-BC4E-6C735DC842CF}"
EndProject
Project("{9A19103F-16F7-4668-BE54-9A1E7A4F7556}") = "50_KararYapilari", "50_KararYapilari\50_KararYapilari.csproj", "{B4D58B86-C37C-4E87-8C61-1E6028E83FCC}"
EndProject
Project("{9A19103F-16F7-4668-BE54-9A1E7A4F7556}") = "60_Boolean", "60_Lambalar\60_Boolean.csproj", "{F7C1FF63-263A-4D10-8D9A-4739E551BAF6}"
EndProject
Project("{9A19103F-16F7-4668-BE54-9A1E7A4F7556}") = "70_Lambalar", "70_Lambalar\70_Lambalar.csproj", "{BB52F908-D483-474F-BE0C-0F5164C7EF35}"
EndProject
Project("{2150E333-8FDC-42A3-9474-1A3956D46DE8}") = "Odevler", "Odevler", "{26F4A27A-D042-4C4B-9AD3-5DEA5322CA44}"
EndProject
Project("{9A19103F-16F7-4668-BE54-9A1E7A4F7556}") = "Lamba Odev", "Lamba Odev\Lamba Odev.csproj", "{615FE9D8-4F08-4AF0-9382-2DF53BFBD5BB}"
EndProject
Project("{FAE04EC0-301F-11D3-BF4B-00C04F79EFBC}") = "GitDeneme", "GitDeneme\GitDeneme.csproj", "{8AC1D512-6029-4C28-A5F8-6F1D654C6D73}"
EndProject
Global
	GlobalSection(SolutionConfigurationPlatforms) = preSolution
		Debug|Any CPU = Debug|Any CPU
		Release|Any CPU = Release|Any CPU
	EndGlobalSection
	GlobalSection(ProjectConfigurationPlatforms) = postSolution
		{D84E3361-AB1F-4FF6-BD9B-38B6991A4BB6}.Debug|Any CPU.ActiveCfg = Debug|Any CPU
		{D84E3361-AB1F-4FF6-BD9B-38B6991A4BB6}.Debug|Any CPU.Build.0 = Debug|Any CPU
		{D84E3361-AB1F-4FF6-BD9B-38B6991A4BB6}.Release|Any CPU.ActiveCfg = Release|Any CPU
		{D84E3361-AB1F-4FF6-BD9B-38B6991A4BB6}.Release|Any CPU.Build.0 = Release|Any CPU
		{9058A447-3220-46E4-AF13-131B4A007AE2}.Debug|Any CPU.ActiveCfg = Debug|Any CPU
		{9058A447-3220-46E4-AF13-131B4A007AE2}.Debug|Any CPU.Build.0 = Debug|Any CPU
		{9058A447-3220-46E4-AF13-131B4A007AE2}.Release|Any CPU.ActiveCfg = Release|Any CPU
		{9058A447-3220-46E4-AF13-131B4A007AE2}.Release|Any CPU.Build.0 = Release|Any CPU
		{5B45EE35-8036-4693-A4CC-0CC3E7FE3D76}.Debug|Any CPU.ActiveCfg = Debug|Any CPU
		{5B45EE35-8036-4693-A4CC-0CC3E7FE3D76}.Debug|Any CPU.Build.0 = Debug|Any CPU
		{5B45EE35-8036-4693-A4CC-0CC3E7FE3D76}.Release|Any CPU.ActiveCfg = Release|Any CPU
		{5B45EE35-8036-4693-A4CC-0CC3E7FE3D76}.Release|Any CPU.Build.0 = Release|Any CPU
		{4AA6B0A9-AF3F-4809-8F2A-7A596DF0EF03}.Debug|Any CPU.ActiveCfg = Debug|Any CPU
		{4AA6B0A9-AF3F-4809-8F2A-7A596DF0EF03}.Debug|Any CPU.Build.0 = Debug|Any CPU
		{4AA6B0A9-AF3F-4809-8F2A-7A596DF0EF03}.Release|Any CPU.ActiveCfg = Release|Any CPU
		{4AA6B0A9-AF3F-4809-8F2A-7A596DF0EF03}.Release|Any CPU.Build.0 = Release|Any CPU
		{3B871647-4A08-41DF-AF42-BCE934D05942}.Debug|Any CPU.ActiveCfg = Debug|Any CPU
		{3B871647-4A08-41DF-AF42-BCE934D05942}.Debug|Any CPU.Build.0 = Debug|Any CPU
		{3B871647-4A08-41DF-AF42-BCE934D05942}.Release|Any CPU.ActiveCfg = Release|Any CPU
		{3B871647-4A08-41DF-AF42-BCE934D05942}.Release|Any CPU.Build.0 = Release|Any CPU
		{15411991-EFD6-43FC-A3F6-24796129DF56}.Debug|Any CPU.ActiveCfg = Debug|Any CPU
		{15411991-EFD6-43FC-A3F6-24796129DF56}.Debug|Any CPU.Build.0 = Debug|Any CPU
		{15411991-EFD6-43FC-A3F6-24796129DF56}.Release|Any CPU.ActiveCfg = Release|Any CPU
		{15411991-EFD6-43FC-A3F6-24796129DF56}.Release|Any CPU.Build.0 = Release|Any CPU
		{77B44610-6CCA-429C-AA33-184CE8826F07}.Debug|Any CPU.ActiveCfg = Debug|Any CPU
		{77B44610-6CCA-429C-AA33-184CE8826F07}.Debug|Any CPU.Build.0 = Debug|Any CPU
		{77B44610-6CCA-429C-AA33-184CE8826F07}.Release|Any CPU.ActiveCfg = Release|Any CPU
		{77B44610-6CCA-429C-AA33-184CE8826F07}.Release|Any CPU.Build.0 = Release|Any CPU
		{09ED84EE-A861-455A-B161-E495B54521DD}.Debug|Any CPU.ActiveCfg = Debug|Any CPU
		{09ED84EE-A861-455A-B161-E495B54521DD}.Debug|Any CPU.Build.0 = Debug|Any CPU
		{09ED84EE-A861-455A-B161-E495B54521DD}.Release|Any CPU.ActiveCfg = Release|Any CPU
		{09ED84EE-A861-455A-B161-E495B54521DD}.Release|Any CPU.Build.0 = Release|Any CPU
		{9E15D319-40F1-4E4D-8C0B-6F35A40A1E85}.Debug|Any CPU.ActiveCfg = Debug|Any CPU
		{9E15D319-40F1-4E4D-8C0B-6F35A40A1E85}.Debug|Any CPU.Build.0 = Debug|Any CPU
		{9E15D319-40F1-4E4D-8C0B-6F35A40A1E85}.Release|Any CPU.ActiveCfg = Release|Any CPU
		{9E15D319-40F1-4E4D-8C0B-6F35A40A1E85}.Release|Any CPU.Build.0 = Release|Any CPU
		{C19E7D92-11F3-49A6-842B-1C25315050E7}.Debug|Any CPU.ActiveCfg = Debug|Any CPU
		{C19E7D92-11F3-49A6-842B-1C25315050E7}.Debug|Any CPU.Build.0 = Debug|Any CPU
		{C19E7D92-11F3-49A6-842B-1C25315050E7}.Release|Any CPU.ActiveCfg = Release|Any CPU
		{C19E7D92-11F3-49A6-842B-1C25315050E7}.Release|Any CPU.Build.0 = Release|Any CPU
		{3ECD6AD8-E112-4F0A-89A8-BD7378A65EC5}.Debug|Any CPU.ActiveCfg = Debug|Any CPU
		{3ECD6AD8-E112-4F0A-89A8-BD7378A65EC5}.Debug|Any CPU.Build.0 = Debug|Any CPU
		{3ECD6AD8-E112-4F0A-89A8-BD7378A65EC5}.Release|Any CPU.ActiveCfg = Release|Any CPU
		{3ECD6AD8-E112-4F0A-89A8-BD7378A65EC5}.Release|Any CPU.Build.0 = Release|Any CPU
		{77972E1D-6EA6-43AE-8F1C-E2E1E92FF78A}.Debug|Any CPU.ActiveCfg = Debug|Any CPU
		{77972E1D-6EA6-43AE-8F1C-E2E1E92FF78A}.Debug|Any CPU.Build.0 = Debug|Any CPU
		{77972E1D-6EA6-43AE-8F1C-E2E1E92FF78A}.Release|Any CPU.ActiveCfg = Release|Any CPU
		{77972E1D-6EA6-43AE-8F1C-E2E1E92FF78A}.Release|Any CPU.Build.0 = Release|Any CPU
		{9DE774EE-AEEF-494E-8520-8A7F8E28B578}.Debug|Any CPU.ActiveCfg = Debug|Any CPU
		{9DE774EE-AEEF-494E-8520-8A7F8E28B578}.Debug|Any CPU.Build.0 = Debug|Any CPU
		{9DE774EE-AEEF-494E-8520-8A7F8E28B578}.Release|Any CPU.ActiveCfg = Release|Any CPU
		{9DE774EE-AEEF-494E-8520-8A7F8E28B578}.Release|Any CPU.Build.0 = Release|Any CPU
		{B4D58B86-C37C-4E87-8C61-1E6028E83FCC}.Debug|Any CPU.ActiveCfg = Debug|Any CPU
		{B4D58B86-C37C-4E87-8C61-1E6028E83FCC}.Debug|Any CPU.Build.0 = Debug|Any CPU
		{B4D58B86-C37C-4E87-8C61-1E6028E83FCC}.Release|Any CPU.ActiveCfg = Release|Any CPU
		{B4D58B86-C37C-4E87-8C61-1E6028E83FCC}.Release|Any CPU.Build.0 = Release|Any CPU
		{F7C1FF63-263A-4D10-8D9A-4739E551BAF6}.Debug|Any CPU.ActiveCfg = Debug|Any CPU
		{F7C1FF63-263A-4D10-8D9A-4739E551BAF6}.Debug|Any CPU.Build.0 = Debug|Any CPU
		{F7C1FF63-263A-4D10-8D9A-4739E551BAF6}.Release|Any CPU.ActiveCfg = Release|Any CPU
		{F7C1FF63-263A-4D10-8D9A-4739E551BAF6}.Release|Any CPU.Build.0 = Release|Any CPU
		{BB52F908-D483-474F-BE0C-0F5164C7EF35}.Debug|Any CPU.ActiveCfg = Debug|Any CPU
		{BB52F908-D483-474F-BE0C-0F5164C7EF35}.Debug|Any CPU.Build.0 = Debug|Any CPU
		{BB52F908-D483-474F-BE0C-0F5164C7EF35}.Release|Any CPU.ActiveCfg = Release|Any CPU
		{BB52F908-D483-474F-BE0C-0F5164C7EF35}.Release|Any CPU.Build.0 = Release|Any CPU
		{615FE9D8-4F08-4AF0-9382-2DF53BFBD5BB}.Debug|Any CPU.ActiveCfg = Debug|Any CPU
		{615FE9D8-4F08-4AF0-9382-2DF53BFBD5BB}.Debug|Any CPU.Build.0 = Debug|Any CPU
		{615FE9D8-4F08-4AF0-9382-2DF53BFBD5BB}.Release|Any CPU.ActiveCfg = Release|Any CPU
		{615FE9D8-4F08-4AF0-9382-2DF53BFBD5BB}.Release|Any CPU.Build.0 = Release|Any CPU
		{8AC1D512-6029-4C28-A5F8-6F1D654C6D73}.Debug|Any CPU.ActiveCfg = Debug|Any CPU
		{8AC1D512-6029-4C28-A5F8-6F1D654C6D73}.Debug|Any CPU.Build.0 = Debug|Any CPU
		{8AC1D512-6029-4C28-A5F8-6F1D654C6D73}.Release|Any CPU.ActiveCfg = Release|Any CPU
		{8AC1D512-6029-4C28-A5F8-6F1D654C6D73}.Release|Any CPU.Build.0 = Release|Any CPU
	EndGlobalSection
	GlobalSection(SolutionProperties) = preSolution
		HideSolutionNode = FALSE
	EndGlobalSection
	GlobalSection(NestedProjects) = preSolution
		{D84E3361-AB1F-4FF6-BD9B-38B6991A4BB6} = {BE75F150-0413-4DCF-877C-5629AA35A87C}
		{9058A447-3220-46E4-AF13-131B4A007AE2} = {BE75F150-0413-4DCF-877C-5629AA35A87C}
		{5B45EE35-8036-4693-A4CC-0CC3E7FE3D76} = {BE75F150-0413-4DCF-877C-5629AA35A87C}
		{9DE774EE-AEEF-494E-8520-8A7F8E28B578} = {90E31106-C4FE-4C68-BC4E-6C735DC842CF}
		{B4D58B86-C37C-4E87-8C61-1E6028E83FCC} = {90E31106-C4FE-4C68-BC4E-6C735DC842CF}
		{F7C1FF63-263A-4D10-8D9A-4739E551BAF6} = {90E31106-C4FE-4C68-BC4E-6C735DC842CF}
		{BB52F908-D483-474F-BE0C-0F5164C7EF35} = {90E31106-C4FE-4C68-BC4E-6C735DC842CF}
		{615FE9D8-4F08-4AF0-9382-2DF53BFBD5BB} = {26F4A27A-D042-4C4B-9AD3-5DEA5322CA44}
	EndGlobalSection
	GlobalSection(ExtensibilityGlobals) = postSolution
		SolutionGuid = {707767FB-9B8C-44D9-9629-055AF0F903CF}
	EndGlobalSection
EndGlobal
